// !$*UTF8*$!
{
	archiveVersion = 1;
	classes = {
	};
	objectVersion = 46;
	objects = {

/* Begin PBXBuildFile section */
		D77287861F4E79D30031C36E /* REDPageMore.m in Sources */ = {isa = PBXBuildFile; fileRef = D77287851F4E79D30031C36E /* REDPageMore.m */; };
		D783AFD01EBB05C700C4E2B1 /* main.m in Sources */ = {isa = PBXBuildFile; fileRef = D783AFCF1EBB05C700C4E2B1 /* main.m */; };
		D783AFD31EBB05C700C4E2B1 /* AppDelegate.m in Sources */ = {isa = PBXBuildFile; fileRef = D783AFD21EBB05C700C4E2B1 /* AppDelegate.m */; };
		D783AFD61EBB05C700C4E2B1 /* FirstViewController.m in Sources */ = {isa = PBXBuildFile; fileRef = D783AFD51EBB05C700C4E2B1 /* FirstViewController.m */; };
		D783AFD91EBB05C700C4E2B1 /* SecondViewController.m in Sources */ = {isa = PBXBuildFile; fileRef = D783AFD81EBB05C700C4E2B1 /* SecondViewController.m */; };
		D783AFDC1EBB05C700C4E2B1 /* Main.storyboard in Resources */ = {isa = PBXBuildFile; fileRef = D783AFDA1EBB05C700C4E2B1 /* Main.storyboard */; };
		D783AFDE1EBB05C700C4E2B1 /* Assets.xcassets in Resources */ = {isa = PBXBuildFile; fileRef = D783AFDD1EBB05C700C4E2B1 /* Assets.xcassets */; };
		D783AFE11EBB05C700C4E2B1 /* LaunchScreen.storyboard in Resources */ = {isa = PBXBuildFile; fileRef = D783AFDF1EBB05C700C4E2B1 /* LaunchScreen.storyboard */; };
		D783AFF01EBB073D00C4E2B1 /* REDPageOne.m in Sources */ = {isa = PBXBuildFile; fileRef = D783AFEF1EBB073D00C4E2B1 /* REDPageOne.m */; };
		D783AFF31EBB1CDF00C4E2B1 /* REDView.m in Sources */ = {isa = PBXBuildFile; fileRef = D783AFF21EBB1CDF00C4E2B1 /* REDView.m */; };
		D7AC23D91F4C223100CA755C /* REDTabBarController.m in Sources */ = {isa = PBXBuildFile; fileRef = D7AC23D71F4C223100CA755C /* REDTabBarController.m */; };
		D7C951F41EBC56D900ED2851 /* dynamicItem.m in Sources */ = {isa = PBXBuildFile; fileRef = D7C951F31EBC56D900ED2851 /* dynamicItem.m */; };
		D7C951F61EBC69D900ED2851 /* 透明.png in Resources */ = {isa = PBXBuildFile; fileRef = D7C951F51EBC69D900ED2851 /* 透明.png */; };
/* End PBXBuildFile section */

/* Begin PBXFileReference section */
		D77287841F4E79D30031C36E /* REDPageMore.h */ = {isa = PBXFileReference; fileEncoding = 4; lastKnownFileType = sourcecode.c.h; path = REDPageMore.h; sourceTree = "<group>"; };
		D77287851F4E79D30031C36E /* REDPageMore.m */ = {isa = PBXFileReference; fileEncoding = 4; lastKnownFileType = sourcecode.c.objc; path = REDPageMore.m; sourceTree = "<group>"; };
		D783AFCB1EBB05C700C4E2B1 /* REDPage.app */ = {isa = PBXFileReference; explicitFileType = wrapper.application; includeInIndex = 0; path = REDPage.app; sourceTree = BUILT_PRODUCTS_DIR; };
		D783AFCF1EBB05C700C4E2B1 /* main.m */ = {isa = PBXFileReference; lastKnownFileType = sourcecode.c.objc; path = main.m; sourceTree = "<group>"; };
		D783AFD11EBB05C700C4E2B1 /* AppDelegate.h */ = {isa = PBXFileReference; lastKnownFileType = sourcecode.c.h; path = AppDelegate.h; sourceTree = "<group>"; };
		D783AFD21EBB05C700C4E2B1 /* AppDelegate.m */ = {isa = PBXFileReference; lastKnownFileType = sourcecode.c.objc; path = AppDelegate.m; sourceTree = "<group>"; };
		D783AFD41EBB05C700C4E2B1 /* FirstViewController.h */ = {isa = PBXFileReference; lastKnownFileType = sourcecode.c.h; path = FirstViewController.h; sourceTree = "<group>"; };
		D783AFD51EBB05C700C4E2B1 /* FirstViewController.m */ = {isa = PBXFileReference; lastKnownFileType = sourcecode.c.objc; path = FirstViewController.m; sourceTree = "<group>"; };
		D783AFD71EBB05C700C4E2B1 /* SecondViewController.h */ = {isa = PBXFileReference; lastKnownFileType = sourcecode.c.h; path = SecondViewController.h; sourceTree = "<group>"; };
		D783AFD81EBB05C700C4E2B1 /* SecondViewController.m */ = {isa = PBXFileReference; lastKnownFileType = sourcecode.c.objc; path = SecondViewController.m; sourceTree = "<group>"; };
		D783AFDB1EBB05C700C4E2B1 /* Base */ = {isa = PBXFileReference; lastKnownFileType = file.storyboard; name = Base; path = Base.lproj/Main.storyboard; sourceTree = "<group>"; };
		D783AFDD1EBB05C700C4E2B1 /* Assets.xcassets */ = {isa = PBXFileReference; lastKnownFileType = folder.assetcatalog; path = Assets.xcassets; sourceTree = "<group>"; };
		D783AFE01EBB05C700C4E2B1 /* Base */ = {isa = PBXFileReference; lastKnownFileType = file.storyboard; name = Base; path = Base.lproj/LaunchScreen.storyboard; sourceTree = "<group>"; };
		D783AFE21EBB05C700C4E2B1 /* Info.plist */ = {isa = PBXFileReference; lastKnownFileType = text.plist.xml; path = Info.plist; sourceTree = "<group>"; };
		D783AFEE1EBB073D00C4E2B1 /* REDPageOne.h */ = {isa = PBXFileReference; fileEncoding = 4; lastKnownFileType = sourcecode.c.h; path = REDPageOne.h; sourceTree = "<group>"; };
		D783AFEF1EBB073D00C4E2B1 /* REDPageOne.m */ = {isa = PBXFileReference; fileEncoding = 4; lastKnownFileType = sourcecode.c.objc; path = REDPageOne.m; sourceTree = "<group>"; };
		D783AFF11EBB1CDF00C4E2B1 /* REDView.h */ = {isa = PBXFileReference; fileEncoding = 4; lastKnownFileType = sourcecode.c.h; path = REDView.h; sourceTree = "<group>"; };
		D783AFF21EBB1CDF00C4E2B1 /* REDView.m */ = {isa = PBXFileReference; fileEncoding = 4; lastKnownFileType = sourcecode.c.objc; path = REDView.m; sourceTree = "<group>"; };
		D7AC23D71F4C223100CA755C /* REDTabBarController.m */ = {isa = PBXFileReference; fileEncoding = 4; lastKnownFileType = sourcecode.c.objc; path = REDTabBarController.m; sourceTree = "<group>"; };
		D7AC23D81F4C223100CA755C /* REDTabBarController.h */ = {isa = PBXFileReference; fileEncoding = 4; lastKnownFileType = sourcecode.c.h; path = REDTabBarController.h; sourceTree = "<group>"; };
		D7C951F21EBC56D900ED2851 /* dynamicItem.h */ = {isa = PBXFileReference; fileEncoding = 4; lastKnownFileType = sourcecode.c.h; path = dynamicItem.h; sourceTree = "<group>"; };
		D7C951F31EBC56D900ED2851 /* dynamicItem.m */ = {isa = PBXFileReference; fileEncoding = 4; lastKnownFileType = sourcecode.c.objc; path = dynamicItem.m; sourceTree = "<group>"; };
		D7C951F51EBC69D900ED2851 /* 透明.png */ = {isa = PBXFileReference; lastKnownFileType = image.png; path = "透明.png"; sourceTree = "<group>"; };
/* End PBXFileReference section */

/* Begin PBXFrameworksBuildPhase section */
		D783AFC81EBB05C700C4E2B1 /* Frameworks */ = {
			isa = PBXFrameworksBuildPhase;
			buildActionMask = 2147483647;
			files = (
			);
			runOnlyForDeploymentPostprocessing = 0;
		};
/* End PBXFrameworksBuildPhase section */

/* Begin PBXGroup section */
		D783AFC21EBB05C700C4E2B1 = {
			isa = PBXGroup;
			children = (
				D783AFCD1EBB05C700C4E2B1 /* REDPage */,
				D783AFCC1EBB05C700C4E2B1 /* Products */,
			);
			sourceTree = "<group>";
		};
		D783AFCC1EBB05C700C4E2B1 /* Products */ = {
			isa = PBXGroup;
			children = (
				D783AFCB1EBB05C700C4E2B1 /* REDPage.app */,
			);
			name = Products;
			sourceTree = "<group>";
		};
		D783AFCD1EBB05C700C4E2B1 /* REDPage */ = {
			isa = PBXGroup;
			children = (
				D783AFD11EBB05C700C4E2B1 /* AppDelegate.h */,
				D783AFD21EBB05C700C4E2B1 /* AppDelegate.m */,
				D783AFD41EBB05C700C4E2B1 /* FirstViewController.h */,
				D783AFD51EBB05C700C4E2B1 /* FirstViewController.m */,
				D783AFD71EBB05C700C4E2B1 /* SecondViewController.h */,
				D783AFD81EBB05C700C4E2B1 /* SecondViewController.m */,
				D783AFEE1EBB073D00C4E2B1 /* REDPageOne.h */,
				D783AFEF1EBB073D00C4E2B1 /* REDPageOne.m */,
				D77287841F4E79D30031C36E /* REDPageMore.h */,
				D77287851F4E79D30031C36E /* REDPageMore.m */,
				D7AC23D81F4C223100CA755C /* REDTabBarController.h */,
				D7AC23D71F4C223100CA755C /* REDTabBarController.m */,
				D7C951F21EBC56D900ED2851 /* dynamicItem.h */,
				D7C951F31EBC56D900ED2851 /* dynamicItem.m */,
				D783AFF11EBB1CDF00C4E2B1 /* REDView.h */,
				D783AFF21EBB1CDF00C4E2B1 /* REDView.m */,
				D7C951F51EBC69D900ED2851 /* 透明.png */,
				D783AFDA1EBB05C700C4E2B1 /* Main.storyboard */,
				D783AFDD1EBB05C700C4E2B1 /* Assets.xcassets */,
				D783AFDF1EBB05C700C4E2B1 /* LaunchScreen.storyboard */,
				D783AFE21EBB05C700C4E2B1 /* Info.plist */,
				D783AFCE1EBB05C700C4E2B1 /* Supporting Files */,
			);
			path = REDPage;
			sourceTree = "<group>";
		};
		D783AFCE1EBB05C700C4E2B1 /* Supporting Files */ = {
			isa = PBXGroup;
			children = (
				D783AFCF1EBB05C700C4E2B1 /* main.m */,
			);
			name = "Supporting Files";
			sourceTree = "<group>";
		};
/* End PBXGroup section */

/* Begin PBXNativeTarget section */
		D783AFCA1EBB05C700C4E2B1 /* REDPage */ = {
			isa = PBXNativeTarget;
			buildConfigurationList = D783AFE51EBB05C700C4E2B1 /* Build configuration list for PBXNativeTarget "REDPage" */;
			buildPhases = (
				D783AFC71EBB05C700C4E2B1 /* Sources */,
				D783AFC81EBB05C700C4E2B1 /* Frameworks */,
				D783AFC91EBB05C700C4E2B1 /* Resources */,
			);
			buildRules = (
			);
			dependencies = (
			);
			name = REDPage;
			productName = REDPage;
			productReference = D783AFCB1EBB05C700C4E2B1 /* REDPage.app */;
			productType = "com.apple.product-type.application";
		};
/* End PBXNativeTarget section */

/* Begin PBXProject section */
		D783AFC31EBB05C700C4E2B1 /* Project object */ = {
			isa = PBXProject;
			attributes = {
				LastUpgradeCheck = 0830;
				ORGANIZATIONNAME = rednow;
				TargetAttributes = {
					D783AFCA1EBB05C700C4E2B1 = {
						CreatedOnToolsVersion = 8.3.2;
						DevelopmentTeam = B4BWS26MQ8;
						ProvisioningStyle = Automatic;
					};
				};
			};
			buildConfigurationList = D783AFC61EBB05C700C4E2B1 /* Build configuration list for PBXProject "REDPage" */;
			compatibilityVersion = "Xcode 3.2";
			developmentRegion = English;
			hasScannedForEncodings = 0;
			knownRegions = (
				en,
				Base,
			);
			mainGroup = D783AFC21EBB05C700C4E2B1;
			productRefGroup = D783AFCC1EBB05C700C4E2B1 /* Products */;
			projectDirPath = "";
			projectRoot = "";
			targets = (
				D783AFCA1EBB05C700C4E2B1 /* REDPage */,
			);
		};
/* End PBXProject section */

/* Begin PBXResourcesBuildPhase section */
		D783AFC91EBB05C700C4E2B1 /* Resources */ = {
			isa = PBXResourcesBuildPhase;
			buildActionMask = 2147483647;
			files = (
				D783AFE11EBB05C700C4E2B1 /* LaunchScreen.storyboard in Resources */,
				D783AFDE1EBB05C700C4E2B1 /* Assets.xcassets in Resources */,
				D7C951F61EBC69D900ED2851 /* 透明.png in Resources */,
				D783AFDC1EBB05C700C4E2B1 /* Main.storyboard in Resources */,
			);
			runOnlyForDeploymentPostprocessing = 0;
		};
/* End PBXResourcesBuildPhase section */

/* Begin PBXSourcesBuildPhase section */
		D783AFC71EBB05C700C4E2B1 /* Sources */ = {
			isa = PBXSourcesBuildPhase;
			buildActionMask = 2147483647;
			files = (
				D783AFF31EBB1CDF00C4E2B1 /* REDView.m in Sources */,
				D783AFD91EBB05C700C4E2B1 /* SecondViewController.m in Sources */,
				D783AFD31EBB05C700C4E2B1 /* AppDelegate.m in Sources */,
				D7AC23D91F4C223100CA755C /* REDTabBarController.m in Sources */,
				D783AFD61EBB05C700C4E2B1 /* FirstViewController.m in Sources */,
				D7C951F41EBC56D900ED2851 /* dynamicItem.m in Sources */,
				D783AFD01EBB05C700C4E2B1 /* main.m in Sources */,
				D77287861F4E79D30031C36E /* REDPageMore.m in Sources */,
				D783AFF01EBB073D00C4E2B1 /* REDPageOne.m in Sources */,
			);
			runOnlyForDeploymentPostprocessing = 0;
		};
/* End PBXSourcesBuildPhase section */

/* Begin PBXVariantGroup section */
		D783AFDA1EBB05C700C4E2B1 /* Main.storyboard */ = {
			isa = PBXVariantGroup;
			children = (
				D783AFDB1EBB05C700C4E2B1 /* Base */,
			);
			name = Main.storyboard;
			sourceTree = "<group>";
		};
		D783AFDF1EBB05C700C4E2B1 /* LaunchScreen.storyboard */ = {
			isa = PBXVariantGroup;
			children = (
				D783AFE01EBB05C700C4E2B1 /* Base */,
			);
			name = LaunchScreen.storyboard;
			sourceTree = "<group>";
		};
/* End PBXVariantGroup section */

/* Begin XCBuildConfiguration section */
		D783AFE31EBB05C700C4E2B1 /* Debug */ = {
			isa = XCBuildConfiguration;
			buildSettings = {
				ALWAYS_SEARCH_USER_PATHS = NO;
				CLANG_ANALYZER_NONNULL = YES;
				CLANG_ANALYZER_NUMBER_OBJECT_CONVERSION = YES_AGGRESSIVE;
				CLANG_CXX_LANGUAGE_STANDARD = "gnu++0x";
				CLANG_CXX_LIBRARY = "libc++";
				CLANG_ENABLE_MODULES = YES;
				CLANG_ENABLE_OBJC_ARC = YES;
				CLANG_WARN_BOOL_CONVERSION = YES;
				CLANG_WARN_CONSTANT_CONVERSION = YES;
				CLANG_WARN_DIRECT_OBJC_ISA_USAGE = YES_ERROR;
				CLANG_WARN_DOCUMENTATION_COMMENTS = YES;
				CLANG_WARN_EMPTY_BODY = YES;
				CLANG_WARN_ENUM_CONVERSION = YES;
				CLANG_WARN_INFINITE_RECURSION = YES;
				CLANG_WARN_INT_CONVERSION = YES;
				CLANG_WARN_OBJC_ROOT_CLASS = YES_ERROR;
				CLANG_WARN_SUSPICIOUS_MOVE = YES;
				CLANG_WARN_UNREACHABLE_CODE = YES;
				CLANG_WARN__DUPLICATE_METHOD_MATCH = YES;
				"CODE_SIGN_IDENTITY[sdk=iphoneos*]" = "iPhone Developer";
				COPY_PHASE_STRIP = NO;
				DEBUG_INFORMATION_FORMAT = dwarf;
				ENABLE_STRICT_OBJC_MSGSEND = YES;
				ENABLE_TESTABILITY = YES;
				GCC_C_LANGUAGE_STANDARD = gnu99;
				GCC_DYNAMIC_NO_PIC = NO;
				GCC_NO_COMMON_BLOCKS = YES;
				GCC_OPTIMIZATION_LEVEL = 0;
				GCC_PREPROCESSOR_DEFINITIONS = (
					"DEBUG=1",
					"$(inherited)",
				);
				GCC_WARN_64_TO_32_BIT_CONVERSION = YES;
				GCC_WARN_ABOUT_RETURN_TYPE = YES_ERROR;
				GCC_WARN_UNDECLARED_SELECTOR = YES;
				GCC_WARN_UNINITIALIZED_AUTOS = YES_AGGRESSIVE;
				GCC_WARN_UNUSED_FUNCTION = YES;
				GCC_WARN_UNUSED_VARIABLE = YES;
				IPHONEOS_DEPLOYMENT_TARGET = 10.3;
				MTL_ENABLE_DEBUG_INFO = YES;
				ONLY_ACTIVE_ARCH = YES;
				SDKROOT = iphoneos;
			};
			name = Debug;
		};
		D783AFE41EBB05C700C4E2B1 /* Release */ = {
			isa = XCBuildConfiguration;
			buildSettings = {
				ALWAYS_SEARCH_USER_PATHS = NO;
				CLANG_ANALYZER_NONNULL = YES;
				CLANG_ANALYZER_NUMBER_OBJECT_CONVERSION = YES_AGGRESSIVE;
				CLANG_CXX_LANGUAGE_STANDARD = "gnu++0x";
				CLANG_CXX_LIBRARY = "libc++";
				CLANG_ENABLE_MODULES = YES;
				CLANG_ENABLE_OBJC_ARC = YES;
				CLANG_WARN_BOOL_CONVERSION = YES;
				CLANG_WARN_CONSTANT_CONVERSION = YES;
				CLANG_WARN_DIRECT_OBJC_ISA_USAGE = YES_ERROR;
				CLANG_WARN_DOCUMENTATION_COMMENTS = YES;
				CLANG_WARN_EMPTY_BODY = YES;
				CLANG_WARN_ENUM_CONVERSION = YES;
				CLANG_WARN_INFINITE_RECURSION = YES;
				CLANG_WARN_INT_CONVERSION = YES;
				CLANG_WARN_OBJC_ROOT_CLASS = YES_ERROR;
				CLANG_WARN_SUSPICIOUS_MOVE = YES;
				CLANG_WARN_UNREACHABLE_CODE = YES;
				CLANG_WARN__DUPLICATE_METHOD_MATCH = YES;
				"CODE_SIGN_IDENTITY[sdk=iphoneos*]" = "iPhone Developer";
				COPY_PHASE_STRIP = NO;
				DEBUG_INFORMATION_FORMAT = "dwarf-with-dsym";
				ENABLE_NS_ASSERTIONS = NO;
				ENABLE_STRICT_OBJC_MSGSEND = YES;
				GCC_C_LANGUAGE_STANDARD = gnu99;
				GCC_NO_COMMON_BLOCKS = YES;
				GCC_WARN_64_TO_32_BIT_CONVERSION = YES;
				GCC_WARN_ABOUT_RETURN_TYPE = YES_ERROR;
				GCC_WARN_UNDECLARED_SELECTOR = YES;
				GCC_WARN_UNINITIALIZED_AUTOS = YES_AGGRESSIVE;
				GCC_WARN_UNUSED_FUNCTION = YES;
				GCC_WARN_UNUSED_VARIABLE = YES;
				IPHONEOS_DEPLOYMENT_TARGET = 10.3;
				MTL_ENABLE_DEBUG_INFO = NO;
				SDKROOT = iphoneos;
				VALIDATE_PRODUCT = YES;
			};
			name = Release;
		};
		D783AFE61EBB05C700C4E2B1 /* Debug */ = {
			isa = XCBuildConfiguration;
			buildSettings = {
				ASSETCATALOG_COMPILER_APPICON_NAME = AppIcon;
				DEVELOPMENT_TEAM = B4BWS26MQ8;
				INFOPLIST_FILE = REDPage/Info.plist;
				LD_RUNPATH_SEARCH_PATHS = "$(inherited) @executable_path/Frameworks";
				PRODUCT_BUNDLE_IDENTIFIER = com.rednow.REDPage;
				PRODUCT_NAME = "$(TARGET_NAME)";
			};
			name = Debug;
		};
		D783AFE71EBB05C700C4E2B1 /* Release */ = {
			isa = XCBuildConfiguration;
			buildSettings = {
				ASSETCATALOG_COMPILER_APPICON_NAME = AppIcon;
				DEVELOPMENT_TEAM = B4BWS26MQ8;
				INFOPLIST_FILE = REDPage/Info.plist;
				LD_RUNPATH_SEARCH_PATHS = "$(inherited) @executable_path/Frameworks";
				PRODUCT_BUNDLE_IDENTIFIER = com.rednow.REDPage;
				PRODUCT_NAME = "$(TARGET_NAME)";
			};
			name = Release;
		};
/* End XCBuildConfiguration section */

/* Begin XCConfigurationList section */
		D783AFC61EBB05C700C4E2B1 /* Build configuration list for PBXProject "REDPage" */ = {
			isa = XCConfigurationList;
			buildConfigurations = (
				D783AFE31EBB05C700C4E2B1 /* Debug */,
				D783AFE41EBB05C700C4E2B1 /* Release */,
			);
			defaultConfigurationIsVisible = 0;
			defaultConfigurationName = Release;
		};
		D783AFE51EBB05C700C4E2B1 /* Build configuration list for PBXNativeTarget "REDPage" */ = {
			isa = XCConfigurationList;
			buildConfigurations = (
				D783AFE61EBB05C700C4E2B1 /* Debug */,
				D783AFE71EBB05C700C4E2B1 /* Release */,
			);
			defaultConfigurationIsVisible = 0;
			defaultConfigurationName = Release;
		};
/* End XCConfigurationList section */
	};
	rootObject = D783AFC31EBB05C700C4E2B1 /* Project object */;
}
